
Microsoft Visual Studio Solution File, Format Version 12.00
# Visual Studio 14
VisualStudioVersion = 14.0.23107.0
MinimumVisualStudioVersion = 10.0.40219.1
Project("{8BC9CEB8-8B4A-11D0-8D11-00A0C91BC942}") = "00_Sandbox_VS15", "00_Sandbox\00_Sandbox_VS15.vcxproj", "{F5D6D2E1-6FFD-402B-8EE3-DED4FE407028}"
EndProject
Project("{8BC9CEB8-8B4A-11D0-8D11-00A0C91BC942}") = "01_Basics_VS15", "01_Basics\01_Basics_VS15.vcxproj", "{425ED9DA-852E-4F61-BE06-487F68A6187E}"
EndProject
Project("{8BC9CEB8-8B4A-11D0-8D11-00A0C91BC942}") = "02_Inheriting_VS15", "02_Inheriting\02_Inheriting_VS15.vcxproj", "{F1EDF2C3-8663-42FF-89D7-D0C4857D4358}"
EndProject
Project("{8BC9CEB8-8B4A-11D0-8D11-00A0C91BC942}") = "03_SFML_Input_VS15", "03_SFML_Input\03_SFML_Input_VS15.vcxproj", "{1EA67B6E-CAF1-4F2A-8FB5-99B5D30E3004}"
EndProject
Project("{8BC9CEB8-8B4A-11D0-8D11-00A0C91BC942}") = "04_MeshRendering_VS15", "04_MeshRendering\04_MeshRendering_VS15.vcxproj", "{D04CA8CD-8C31-4F09-A363-33BFC486C26F}"
EndProject
Project("{8BC9CEB8-8B4A-11D0-8D11-00A0C91BC942}") = "05_InstanceRendering_VS15", "05_InstanceRendering\05_InstanceRendering_VS15.vcxproj", "{E9B44697-A740-484E-BFCC-B9A007E242A2}"
EndProject
Project("{8BC9CEB8-8B4A-11D0-8D11-00A0C91BC942}") = "A06s_LERP_VS15", "A06s_LERP\A06s_LERP_VS15.vcxproj", "{7CBBEAD1-E3B6-4D38-8DB0-C2E9B31E8936}"
EndProject
Project("{8BC9CEB8-8B4A-11D0-8D11-00A0C91BC942}") = "A07s_SLERP_VS15", "A07s_SLERP\A07s_SLERP_VS15.vcxproj", "{337B81CF-66EB-4676-8BA0-BA3497CBF73A}"
EndProject
Project("{8BC9CEB8-8B4A-11D0-8D11-00A0C91BC942}") = "A08s_CameraSingleton_VS15", "A08s_CameraSingleton\A08s_CameraSingleton_VS15.vcxproj", "{714436B9-71CB-4A91-8F80-A9A363C96365}"
EndProject
Project("{8BC9CEB8-8B4A-11D0-8D11-00A0C91BC942}") = "A10s_BoundingObjectSingleton_VS15", "A10s_BoundingObjectSingleton\A10s_BoundingObjectSingleton_VS15.vcxproj", "{13FA2754-46C1-49D8-B9A4-1DC856801931}"
EndProject
Project("{8BC9CEB8-8B4A-11D0-8D11-00A0C91BC942}") = "A11s_SAT_VS15", "A11s_SAT\A11s_SAT_VS15.vcxproj", "{C5B1E58E-F9B0-49EA-B7F8-1AE4CB57F3BE}"
EndProject
Project("{8BC9CEB8-8B4A-11D0-8D11-00A0C91BC942}") = "E11s_BoundingSphereClass_VS15", "E11s_BoundingSphereClass\E11s_BoundingSphereClass_VS15.vcxproj", "{62751575-18E6-4E32-96A6-63A0EF92A196}"
EndProject
Project("{8BC9CEB8-8B4A-11D0-8D11-00A0C91BC942}") = "E13s_BoundingBoxClass_VS15", "E13s_BoundingBoxClass\E13s_BoundingBoxClass_VS15.vcxproj", "{ECF77324-3C73-4C41-A5FA-D2291E7748E0}"
EndProject
Project("{8BC9CEB8-8B4A-11D0-8D11-00A0C91BC942}") = "ModelViewer_VS15", "ModelViewer\ModelViewer_VS15.vcxproj", "{FB51C0AB-6E10-4DEB-9D27-A3C31251A36D}"
EndProject
Project("{8BC9CEB8-8B4A-11D0-8D11-00A0C91BC942}") = "GLFW_Example_VS15", "GLFW_Example\GLFW_Example_VS15.vcxproj", "{49647803-64C5-4742-BCB2-C8DC671B25EF}"
EndProject
Project("{8BC9CEB8-8B4A-11D0-8D11-00A0C91BC942}") = "E15s_MyEntityClass_VS15", "E15s_MyEntityClass\E15s_MyEntityClass_VS15.vcxproj", "{0C037D84-CF9B-4149-AAAB-8317346179DF}"
EndProject
Project("{8BC9CEB8-8B4A-11D0-8D11-00A0C91BC942}") = "E16s_OctTreeStart_VS15", "E16s_OctTreeStart\E16s_OctTreeStart_VS15.vcxproj", "{371790A7-5529-4AF9-9724-342116FCCDAE}"
EndProject
Global
	GlobalSection(SolutionConfigurationPlatforms) = preSolution
		Debug|x86 = Debug|x86
		Release|x86 = Release|x86
	EndGlobalSection
	GlobalSection(ProjectConfigurationPlatforms) = postSolution
		{F5D6D2E1-6FFD-402B-8EE3-DED4FE407028}.Debug|x86.ActiveCfg = Debug|Win32
		{F5D6D2E1-6FFD-402B-8EE3-DED4FE407028}.Debug|x86.Build.0 = Debug|Win32
		{F5D6D2E1-6FFD-402B-8EE3-DED4FE407028}.Release|x86.ActiveCfg = Release|Win32
		{F5D6D2E1-6FFD-402B-8EE3-DED4FE407028}.Release|x86.Build.0 = Release|Win32
		{425ED9DA-852E-4F61-BE06-487F68A6187E}.Debug|x86.ActiveCfg = Debug|Win32
		{425ED9DA-852E-4F61-BE06-487F68A6187E}.Debug|x86.Build.0 = Debug|Win32
		{425ED9DA-852E-4F61-BE06-487F68A6187E}.Release|x86.ActiveCfg = Release|Win32
		{425ED9DA-852E-4F61-BE06-487F68A6187E}.Release|x86.Build.0 = Release|Win32
		{F1EDF2C3-8663-42FF-89D7-D0C4857D4358}.Debug|x86.ActiveCfg = Debug|Win32
		{F1EDF2C3-8663-42FF-89D7-D0C4857D4358}.Debug|x86.Build.0 = Debug|Win32
		{F1EDF2C3-8663-42FF-89D7-D0C4857D4358}.Release|x86.ActiveCfg = Release|Win32
		{F1EDF2C3-8663-42FF-89D7-D0C4857D4358}.Release|x86.Build.0 = Release|Win32
		{1EA67B6E-CAF1-4F2A-8FB5-99B5D30E3004}.Debug|x86.ActiveCfg = Debug|Win32
		{1EA67B6E-CAF1-4F2A-8FB5-99B5D30E3004}.Debug|x86.Build.0 = Debug|Win32
		{1EA67B6E-CAF1-4F2A-8FB5-99B5D30E3004}.Release|x86.ActiveCfg = Release|Win32
		{1EA67B6E-CAF1-4F2A-8FB5-99B5D30E3004}.Release|x86.Build.0 = Release|Win32
		{D04CA8CD-8C31-4F09-A363-33BFC486C26F}.Debug|x86.ActiveCfg = Debug|Win32
		{D04CA8CD-8C31-4F09-A363-33BFC486C26F}.Debug|x86.Build.0 = Debug|Win32
		{D04CA8CD-8C31-4F09-A363-33BFC486C26F}.Release|x86.ActiveCfg = Release|Win32
		{D04CA8CD-8C31-4F09-A363-33BFC486C26F}.Release|x86.Build.0 = Release|Win32
		{E9B44697-A740-484E-BFCC-B9A007E242A2}.Debug|x86.ActiveCfg = Debug|Win32
		{E9B44697-A740-484E-BFCC-B9A007E242A2}.Debug|x86.Build.0 = Debug|Win32
		{E9B44697-A740-484E-BFCC-B9A007E242A2}.Release|x86.ActiveCfg = Release|Win32
		{E9B44697-A740-484E-BFCC-B9A007E242A2}.Release|x86.Build.0 = Release|Win32
		{7CBBEAD1-E3B6-4D38-8DB0-C2E9B31E8936}.Debug|x86.ActiveCfg = Debug|Win32
		{7CBBEAD1-E3B6-4D38-8DB0-C2E9B31E8936}.Debug|x86.Build.0 = Debug|Win32
		{7CBBEAD1-E3B6-4D38-8DB0-C2E9B31E8936}.Release|x86.ActiveCfg = Release|Win32
		{7CBBEAD1-E3B6-4D38-8DB0-C2E9B31E8936}.Release|x86.Build.0 = Release|Win32
		{337B81CF-66EB-4676-8BA0-BA3497CBF73A}.Debug|x86.ActiveCfg = Debug|Win32
		{337B81CF-66EB-4676-8BA0-BA3497CBF73A}.Debug|x86.Build.0 = Debug|Win32
		{337B81CF-66EB-4676-8BA0-BA3497CBF73A}.Release|x86.ActiveCfg = Release|Win32
		{337B81CF-66EB-4676-8BA0-BA3497CBF73A}.Release|x86.Build.0 = Release|Win32
		{714436B9-71CB-4A91-8F80-A9A363C96365}.Debug|x86.ActiveCfg = Debug|Win32
		{714436B9-71CB-4A91-8F80-A9A363C96365}.Debug|x86.Build.0 = Debug|Win32
		{714436B9-71CB-4A91-8F80-A9A363C96365}.Release|x86.ActiveCfg = Release|Win32
		{714436B9-71CB-4A91-8F80-A9A363C96365}.Release|x86.Build.0 = Release|Win32
		{13FA2754-46C1-49D8-B9A4-1DC856801931}.Debug|x86.ActiveCfg = Debug|Win32
		{13FA2754-46C1-49D8-B9A4-1DC856801931}.Debug|x86.Build.0 = Debug|Win32
		{13FA2754-46C1-49D8-B9A4-1DC856801931}.Release|x86.ActiveCfg = Release|Win32
		{13FA2754-46C1-49D8-B9A4-1DC856801931}.Release|x86.Build.0 = Release|Win32
		{C5B1E58E-F9B0-49EA-B7F8-1AE4CB57F3BE}.Debug|x86.ActiveCfg = Debug|Win32
		{C5B1E58E-F9B0-49EA-B7F8-1AE4CB57F3BE}.Debug|x86.Build.0 = Debug|Win32
		{C5B1E58E-F9B0-49EA-B7F8-1AE4CB57F3BE}.Release|x86.ActiveCfg = Release|Win32
		{C5B1E58E-F9B0-49EA-B7F8-1AE4CB57F3BE}.Release|x86.Build.0 = Release|Win32
		{62751575-18E6-4E32-96A6-63A0EF92A196}.Debug|x86.ActiveCfg = Debug|Win32
		{62751575-18E6-4E32-96A6-63A0EF92A196}.Debug|x86.Build.0 = Debug|Win32
		{62751575-18E6-4E32-96A6-63A0EF92A196}.Release|x86.ActiveCfg = Release|Win32
		{62751575-18E6-4E32-96A6-63A0EF92A196}.Release|x86.Build.0 = Release|Win32
		{ECF77324-3C73-4C41-A5FA-D2291E7748E0}.Debug|x86.ActiveCfg = Debug|Win32
		{ECF77324-3C73-4C41-A5FA-D2291E7748E0}.Debug|x86.Build.0 = Debug|Win32
		{ECF77324-3C73-4C41-A5FA-D2291E7748E0}.Release|x86.ActiveCfg = Release|Win32
		{ECF77324-3C73-4C41-A5FA-D2291E7748E0}.Release|x86.Build.0 = Release|Win32
		{FB51C0AB-6E10-4DEB-9D27-A3C31251A36D}.Debug|x86.ActiveCfg = Debug|Win32
		{FB51C0AB-6E10-4DEB-9D27-A3C31251A36D}.Debug|x86.Build.0 = Debug|Win32
		{FB51C0AB-6E10-4DEB-9D27-A3C31251A36D}.Release|x86.ActiveCfg = Release|Win32
		{FB51C0AB-6E10-4DEB-9D27-A3C31251A36D}.Release|x86.Build.0 = Release|Win32
		{49647803-64C5-4742-BCB2-C8DC671B25EF}.Debug|x86.ActiveCfg = Debug|Win32
		{49647803-64C5-4742-BCB2-C8DC671B25EF}.Debug|x86.Build.0 = Debug|Win32
		{49647803-64C5-4742-BCB2-C8DC671B25EF}.Release|x86.ActiveCfg = Release|Win32
		{49647803-64C5-4742-BCB2-C8DC671B25EF}.Release|x86.Build.0 = Release|Win32
		{0C037D84-CF9B-4149-AAAB-8317346179DF}.Debug|x86.ActiveCfg = Debug|Win32
		{0C037D84-CF9B-4149-AAAB-8317346179DF}.Debug|x86.Build.0 = Debug|Win32
		{0C037D84-CF9B-4149-AAAB-8317346179DF}.Release|x86.ActiveCfg = Release|Win32
		{0C037D84-CF9B-4149-AAAB-8317346179DF}.Release|x86.Build.0 = Release|Win32
		{371790A7-5529-4AF9-9724-342116FCCDAE}.Debug|x86.ActiveCfg = Debug|Win32
		{371790A7-5529-4AF9-9724-342116FCCDAE}.Debug|x86.Build.0 = Debug|Win32
		{371790A7-5529-4AF9-9724-342116FCCDAE}.Release|x86.ActiveCfg = Release|Win32
		{371790A7-5529-4AF9-9724-342116FCCDAE}.Release|x86.Build.0 = Release|Win32
	EndGlobalSection
	GlobalSection(SolutionProperties) = preSolution
		HideSolutionNode = FALSE
	EndGlobalSection
EndGlobal
